# Generated by buf. DO NOT EDIT.
version: v1
deps:
  - remote: buf.build
    owner: cedric
    repository: paymentapis
    branch: main
    commit: d87327f755054b579e1b8d0daf673caa
    digest: b1-7BlKVo0GjR7D5EiekS5A8vPSNcRMAxT5H3GnoNCbo-k=
    create_time: 2021-09-28T06:47:08.295242Z
  - remote: buf.build
    owner: googleapis
    repository: googleapis
    branch: main
    commit: da78ab0128c643f7b3aa684dcc1f0b59
    digest: b1-MlGDrwTOkqPh-_33iyKOVd2xcAHBYsme_NBq8DZrTF8=
    create_time: 2021-09-27T15:06:02.540976Z
